
Microsoft Visual Studio Solution File, Format Version 12.00
# Visual Studio 14
VisualStudioVersion = 14.0.25420.1
MinimumVisualStudioVersion = 10.0.40219.1
Project("{FAE04EC0-301F-11D3-BF4B-00C04F79EFBC}") = "App.Web", "App.Web\App.Web.csproj", "{D43C2BBB-0280-4D5F-8BBC-E134F91DBBA8}"
EndProject
Project("{FAE04EC0-301F-11D3-BF4B-00C04F79EFBC}") = "App.Models", "App.Models\App.Models.csproj", "{C7E3FC33-AAA0-4F81-89CB-085F6CE7F765}"
EndProject
Project("{FAE04EC0-301F-11D3-BF4B-00C04F79EFBC}") = "App.Common", "App.Common\App.Common.csproj", "{1024F259-A6F8-425F-9D42-DDC0A7ADECE0}"
EndProject
Project("{FAE04EC0-301F-11D3-BF4B-00C04F79EFBC}") = "App.Core", "App.Core\App.Core.csproj", "{0850471A-B02B-4A53-9AF7-86C774DBD3E1}"
EndProject
Project("{FAE04EC0-301F-11D3-BF4B-00C04F79EFBC}") = "App.Jobs", "App.Jobs\App.Jobs.csproj", "{CB497C76-0C53-4625-A734-E65FB4D2F918}"
EndProject
Project("{FAE04EC0-301F-11D3-BF4B-00C04F79EFBC}") = "App.WebApi", "App.WebApi\App.WebApi.csproj", "{6C0CA687-CBA0-420B-9AC4-C872CACA3743}"
EndProject
Project("{FAE04EC0-301F-11D3-BF4B-00C04F79EFBC}") = "App.Locale", "App.Locale\App.Locale.csproj", "{ADCC0A1B-5F1F-4181-9C59-AE44EBEE394A}"
EndProject
Project("{2150E333-8FDC-42A3-9474-1A3956D46DE8}") = "App.Base", "App.Base", "{1C2B081C-ECF1-4179-A812-1255A63C8688}"
EndProject
Project("{FAE04EC0-301F-11D3-BF4B-00C04F79EFBC}") = "App.BLL", "App.BLL\App.BLL.csproj", "{168C4C75-4A2C-4D85-904E-200F4F6B8F5D}"
EndProject
Project("{FAE04EC0-301F-11D3-BF4B-00C04F79EFBC}") = "App.IBLL", "App.IBLL\App.IBLL.csproj", "{05D8F770-E410-499C-A7F9-A54B89C7A04C}"
EndProject
Project("{FAE04EC0-301F-11D3-BF4B-00C04F79EFBC}") = "App.DAL", "App.DAL\App.DAL.csproj", "{1D319F19-306C-4961-A7C4-2DC9517AF7C1}"
EndProject
Project("{FAE04EC0-301F-11D3-BF4B-00C04F79EFBC}") = "App.IDAL", "App.IDAL\App.IDAL.csproj", "{130F1F98-3709-471E-8A78-63AD0C07155C}"
EndProject
Global
	GlobalSection(SolutionConfigurationPlatforms) = preSolution
		Debug|Any CPU = Debug|Any CPU
		Release|Any CPU = Release|Any CPU
	EndGlobalSection
	GlobalSection(ProjectConfigurationPlatforms) = postSolution
		{D43C2BBB-0280-4D5F-8BBC-E134F91DBBA8}.Debug|Any CPU.ActiveCfg = Debug|Any CPU
		{D43C2BBB-0280-4D5F-8BBC-E134F91DBBA8}.Debug|Any CPU.Build.0 = Debug|Any CPU
		{D43C2BBB-0280-4D5F-8BBC-E134F91DBBA8}.Release|Any CPU.ActiveCfg = Release|Any CPU
		{D43C2BBB-0280-4D5F-8BBC-E134F91DBBA8}.Release|Any CPU.Build.0 = Release|Any CPU
		{C7E3FC33-AAA0-4F81-89CB-085F6CE7F765}.Debug|Any CPU.ActiveCfg = Debug|Any CPU
		{C7E3FC33-AAA0-4F81-89CB-085F6CE7F765}.Debug|Any CPU.Build.0 = Debug|Any CPU
		{C7E3FC33-AAA0-4F81-89CB-085F6CE7F765}.Release|Any CPU.ActiveCfg = Release|Any CPU
		{C7E3FC33-AAA0-4F81-89CB-085F6CE7F765}.Release|Any CPU.Build.0 = Release|Any CPU
		{1024F259-A6F8-425F-9D42-DDC0A7ADECE0}.Debug|Any CPU.ActiveCfg = Debug|Any CPU
		{1024F259-A6F8-425F-9D42-DDC0A7ADECE0}.Debug|Any CPU.Build.0 = Debug|Any CPU
		{1024F259-A6F8-425F-9D42-DDC0A7ADECE0}.Release|Any CPU.ActiveCfg = Release|Any CPU
		{1024F259-A6F8-425F-9D42-DDC0A7ADECE0}.Release|Any CPU.Build.0 = Release|Any CPU
		{0850471A-B02B-4A53-9AF7-86C774DBD3E1}.Debug|Any CPU.ActiveCfg = Debug|Any CPU
		{0850471A-B02B-4A53-9AF7-86C774DBD3E1}.Debug|Any CPU.Build.0 = Debug|Any CPU
		{0850471A-B02B-4A53-9AF7-86C774DBD3E1}.Release|Any CPU.ActiveCfg = Release|Any CPU
		{0850471A-B02B-4A53-9AF7-86C774DBD3E1}.Release|Any CPU.Build.0 = Release|Any CPU
		{CB497C76-0C53-4625-A734-E65FB4D2F918}.Debug|Any CPU.ActiveCfg = Debug|Any CPU
		{CB497C76-0C53-4625-A734-E65FB4D2F918}.Debug|Any CPU.Build.0 = Debug|Any CPU
		{CB497C76-0C53-4625-A734-E65FB4D2F918}.Release|Any CPU.ActiveCfg = Release|Any CPU
		{CB497C76-0C53-4625-A734-E65FB4D2F918}.Release|Any CPU.Build.0 = Release|Any CPU
		{6C0CA687-CBA0-420B-9AC4-C872CACA3743}.Debug|Any CPU.ActiveCfg = Debug|Any CPU
		{6C0CA687-CBA0-420B-9AC4-C872CACA3743}.Debug|Any CPU.Build.0 = Debug|Any CPU
		{6C0CA687-CBA0-420B-9AC4-C872CACA3743}.Release|Any CPU.ActiveCfg = Release|Any CPU
		{6C0CA687-CBA0-420B-9AC4-C872CACA3743}.Release|Any CPU.Build.0 = Release|Any CPU
		{ADCC0A1B-5F1F-4181-9C59-AE44EBEE394A}.Debug|Any CPU.ActiveCfg = Debug|Any CPU
		{ADCC0A1B-5F1F-4181-9C59-AE44EBEE394A}.Debug|Any CPU.Build.0 = Debug|Any CPU
		{ADCC0A1B-5F1F-4181-9C59-AE44EBEE394A}.Release|Any CPU.ActiveCfg = Release|Any CPU
		{ADCC0A1B-5F1F-4181-9C59-AE44EBEE394A}.Release|Any CPU.Build.0 = Release|Any CPU
		{168C4C75-4A2C-4D85-904E-200F4F6B8F5D}.Debug|Any CPU.ActiveCfg = Debug|Any CPU
		{168C4C75-4A2C-4D85-904E-200F4F6B8F5D}.Debug|Any CPU.Build.0 = Debug|Any CPU
		{168C4C75-4A2C-4D85-904E-200F4F6B8F5D}.Release|Any CPU.ActiveCfg = Release|Any CPU
		{168C4C75-4A2C-4D85-904E-200F4F6B8F5D}.Release|Any CPU.Build.0 = Release|Any CPU
		{05D8F770-E410-499C-A7F9-A54B89C7A04C}.Debug|Any CPU.ActiveCfg = Debug|Any CPU
		{05D8F770-E410-499C-A7F9-A54B89C7A04C}.Debug|Any CPU.Build.0 = Debug|Any CPU
		{05D8F770-E410-499C-A7F9-A54B89C7A04C}.Release|Any CPU.ActiveCfg = Release|Any CPU
		{05D8F770-E410-499C-A7F9-A54B89C7A04C}.Release|Any CPU.Build.0 = Release|Any CPU
		{1D319F19-306C-4961-A7C4-2DC9517AF7C1}.Debug|Any CPU.ActiveCfg = Debug|Any CPU
		{1D319F19-306C-4961-A7C4-2DC9517AF7C1}.Debug|Any CPU.Build.0 = Debug|Any CPU
		{1D319F19-306C-4961-A7C4-2DC9517AF7C1}.Release|Any CPU.ActiveCfg = Release|Any CPU
		{1D319F19-306C-4961-A7C4-2DC9517AF7C1}.Release|Any CPU.Build.0 = Release|Any CPU
		{130F1F98-3709-471E-8A78-63AD0C07155C}.Debug|Any CPU.ActiveCfg = Debug|Any CPU
		{130F1F98-3709-471E-8A78-63AD0C07155C}.Debug|Any CPU.Build.0 = Debug|Any CPU
		{130F1F98-3709-471E-8A78-63AD0C07155C}.Release|Any CPU.ActiveCfg = Release|Any CPU
		{130F1F98-3709-471E-8A78-63AD0C07155C}.Release|Any CPU.Build.0 = Release|Any CPU
	EndGlobalSection
	GlobalSection(SolutionProperties) = preSolution
		HideSolutionNode = FALSE
	EndGlobalSection
	GlobalSection(NestedProjects) = preSolution
		{168C4C75-4A2C-4D85-904E-200F4F6B8F5D} = {1C2B081C-ECF1-4179-A812-1255A63C8688}
		{05D8F770-E410-499C-A7F9-A54B89C7A04C} = {1C2B081C-ECF1-4179-A812-1255A63C8688}
		{1D319F19-306C-4961-A7C4-2DC9517AF7C1} = {1C2B081C-ECF1-4179-A812-1255A63C8688}
		{130F1F98-3709-471E-8A78-63AD0C07155C} = {1C2B081C-ECF1-4179-A812-1255A63C8688}
	EndGlobalSection
EndGlobal
